PODS:
  - EpathMap (1.0.65)
  - WechatOpenSDK (1.8.3)

DEPENDENCIES:
  - EpathMap (from `../`)
  - WechatOpenSDK

SPEC REPOS:
  https://github.com/cocoapods/specs.git:
    - WechatOpenSDK

EXTERNAL SOURCES:
  EpathMap:
    :path: "../"

SPEC CHECKSUMS:
  EpathMap: 779daf9c6e4ef838c6cbfbb76c9a78515e653c12
  WechatOpenSDK: 3117412f8aafde4758cac1e8d20b93c67cafcfef

PODFILE CHECKSUM: 516d4d11e3f660be4fd4bf81cefedf1897774ef6

COCOAPODS: 1.5.3
